// !$*UTF8*$!
{
	archiveVersion = 1;
	classes = {
	};
	objectVersion = 50;
	objects = {

/* Begin PBXBuildFile section */
		D692CF6B26B1EAF00034FD3E /* Yoga_TimerApp.swift in Sources */ = {isa = PBXBuildFile; fileRef = D692CF6A26B1EAF00034FD3E /* Yoga_TimerApp.swift */; };
		D692CF6D26B1EAF00034FD3E /* ContentView.swift in Sources */ = {isa = PBXBuildFile; fileRef = D692CF6C26B1EAF00034FD3E /* ContentView.swift */; };
		D692CF6F26B1EAF20034FD3E /* Assets.xcassets in Resources */ = {isa = PBXBuildFile; fileRef = D692CF6E26B1EAF20034FD3E /* Assets.xcassets */; };
		D692CF7226B1EAF20034FD3E /* Preview Assets.xcassets in Resources */ = {isa = PBXBuildFile; fileRef = D692CF7126B1EAF20034FD3E /* Preview Assets.xcassets */; };
		D692CF7D26B1EB350034FD3E /* TimerView.swift in Sources */ = {isa = PBXBuildFile; fileRef = D692CF7C26B1EB350034FD3E /* TimerView.swift */; };
		D692CF8126B1EB6E0034FD3E /* Quote.swift in Sources */ = {isa = PBXBuildFile; fileRef = D692CF8026B1EB6E0034FD3E /* Quote.swift */; };
		D692CF8726B200710034FD3E /* Questions.swift in Sources */ = {isa = PBXBuildFile; fileRef = D692CF8626B200710034FD3E /* Questions.swift */; };
		D6E912D526B2A4F000312A96 /* gong.mp3 in Resources */ = {isa = PBXBuildFile; fileRef = D6E912D426B2A4F000312A96 /* gong.mp3 */; };
		D6E912D826B2A6DB00312A96 /* NetWorkingManager.swift in Sources */ = {isa = PBXBuildFile; fileRef = D6E912D726B2A6DB00312A96 /* NetWorkingManager.swift */; };
		D6E912E426B3488300312A96 /* lotus.png in Resources */ = {isa = PBXBuildFile; fileRef = D6E912E326B3488300312A96 /* lotus.png */; };
		D6E912E726B348EE00312A96 /* LaunchViewController.swift in Sources */ = {isa = PBXBuildFile; fileRef = D6E912E626B348EE00312A96 /* LaunchViewController.swift */; };
		D6E912EB26B3495000312A96 /* LaunchScreen.storyboard in Resources */ = {isa = PBXBuildFile; fileRef = D6E912EA26B3495000312A96 /* LaunchScreen.storyboard */; };
		D6E912F126B456C900312A96 /* AsanasCollectionView.swift in Sources */ = {isa = PBXBuildFile; fileRef = D6E912F026B456C900312A96 /* AsanasCollectionView.swift */; };
		D6E912F426B737F600312A96 /* Asana.swift in Sources */ = {isa = PBXBuildFile; fileRef = D6E912F326B737F500312A96 /* Asana.swift */; };
		D6E912F726B73D6600312A96 /* AsanaRow.swift in Sources */ = {isa = PBXBuildFile; fileRef = D6E912F626B73D6600312A96 /* AsanaRow.swift */; };
		D6E912FA26B7BF5800312A96 /* AsanaInfoView.swift in Sources */ = {isa = PBXBuildFile; fileRef = D6E912F926B7BF5800312A96 /* AsanaInfoView.swift */; };
		D6E912FE26B94C0A00312A96 /* SlideViewWithAddedAsanas.swift in Sources */ = {isa = PBXBuildFile; fileRef = D6E912FD26B94C0900312A96 /* SlideViewWithAddedAsanas.swift */; };
/* End PBXBuildFile section */

/* Begin PBXFileReference section */
		D692CF6726B1EAF00034FD3E /* Yoga Timer.app */ = {isa = PBXFileReference; explicitFileType = wrapper.application; includeInIndex = 0; path = "Yoga Timer.app"; sourceTree = BUILT_PRODUCTS_DIR; };
		D692CF6A26B1EAF00034FD3E /* Yoga_TimerApp.swift */ = {isa = PBXFileReference; lastKnownFileType = sourcecode.swift; path = Yoga_TimerApp.swift; sourceTree = "<group>"; };
		D692CF6C26B1EAF00034FD3E /* ContentView.swift */ = {isa = PBXFileReference; lastKnownFileType = sourcecode.swift; path = ContentView.swift; sourceTree = "<group>"; };
		D692CF6E26B1EAF20034FD3E /* Assets.xcassets */ = {isa = PBXFileReference; lastKnownFileType = folder.assetcatalog; path = Assets.xcassets; sourceTree = "<group>"; };
		D692CF7126B1EAF20034FD3E /* Preview Assets.xcassets */ = {isa = PBXFileReference; lastKnownFileType = folder.assetcatalog; path = "Preview Assets.xcassets"; sourceTree = "<group>"; };
		D692CF7326B1EAF20034FD3E /* Info.plist */ = {isa = PBXFileReference; lastKnownFileType = text.plist.xml; path = Info.plist; sourceTree = "<group>"; };
		D692CF7C26B1EB350034FD3E /* TimerView.swift */ = {isa = PBXFileReference; lastKnownFileType = sourcecode.swift; path = TimerView.swift; sourceTree = "<group>"; };
		D692CF8026B1EB6E0034FD3E /* Quote.swift */ = {isa = PBXFileReference; lastKnownFileType = sourcecode.swift; path = Quote.swift; sourceTree = "<group>"; };
		D692CF8626B200710034FD3E /* Questions.swift */ = {isa = PBXFileReference; lastKnownFileType = sourcecode.swift; path = Questions.swift; sourceTree = "<group>"; };
		D6E912D426B2A4F000312A96 /* gong.mp3 */ = {isa = PBXFileReference; lastKnownFileType = audio.mp3; path = gong.mp3; sourceTree = "<group>"; };
		D6E912D726B2A6DB00312A96 /* NetWorkingManager.swift */ = {isa = PBXFileReference; lastKnownFileType = sourcecode.swift; path = NetWorkingManager.swift; sourceTree = "<group>"; };
		D6E912E326B3488300312A96 /* lotus.png */ = {isa = PBXFileReference; lastKnownFileType = image.png; path = lotus.png; sourceTree = "<group>"; };
		D6E912E626B348EE00312A96 /* LaunchViewController.swift */ = {isa = PBXFileReference; lastKnownFileType = sourcecode.swift; path = LaunchViewController.swift; sourceTree = "<group>"; };
		D6E912EA26B3495000312A96 /* LaunchScreen.storyboard */ = {isa = PBXFileReference; lastKnownFileType = file.storyboard; path = LaunchScreen.storyboard; sourceTree = "<group>"; };
		D6E912F026B456C900312A96 /* AsanasCollectionView.swift */ = {isa = PBXFileReference; lastKnownFileType = sourcecode.swift; path = AsanasCollectionView.swift; sourceTree = "<group>"; };
		D6E912F326B737F500312A96 /* Asana.swift */ = {isa = PBXFileReference; lastKnownFileType = sourcecode.swift; path = Asana.swift; sourceTree = "<group>"; };
		D6E912F626B73D6600312A96 /* AsanaRow.swift */ = {isa = PBXFileReference; lastKnownFileType = sourcecode.swift; path = AsanaRow.swift; sourceTree = "<group>"; };
		D6E912F926B7BF5800312A96 /* AsanaInfoView.swift */ = {isa = PBXFileReference; lastKnownFileType = sourcecode.swift; path = AsanaInfoView.swift; sourceTree = "<group>"; };
		D6E912FD26B94C0900312A96 /* SlideViewWithAddedAsanas.swift */ = {isa = PBXFileReference; lastKnownFileType = sourcecode.swift; path = SlideViewWithAddedAsanas.swift; sourceTree = "<group>"; };
/* End PBXFileReference section */

/* Begin PBXFrameworksBuildPhase section */
		D692CF6426B1EAF00034FD3E /* Frameworks */ = {
			isa = PBXFrameworksBuildPhase;
			buildActionMask = 2147483647;
			files = (
			);
			runOnlyForDeploymentPostprocessing = 0;
		};
/* End PBXFrameworksBuildPhase section */

/* Begin PBXGroup section */
		D692CF5E26B1EAEF0034FD3E = {
			isa = PBXGroup;
			children = (
				D692CF6926B1EAF00034FD3E /* Yoga Timer */,
				D692CF6826B1EAF00034FD3E /* Products */,
			);
			sourceTree = "<group>";
		};
		D692CF6826B1EAF00034FD3E /* Products */ = {
			isa = PBXGroup;
			children = (
				D692CF6726B1EAF00034FD3E /* Yoga Timer.app */,
			);
			name = Products;
			sourceTree = "<group>";
		};
		D692CF6926B1EAF00034FD3E /* Yoga Timer */ = {
			isa = PBXGroup;
			children = (
				D6E912EE26B34A2900312A96 /* Additional Files */,
				D692CF7B26B1EB0D0034FD3E /* View */,
				D692CF7A26B1EB040034FD3E /* Model */,
				D692CF6A26B1EAF00034FD3E /* Yoga_TimerApp.swift */,
				D692CF6C26B1EAF00034FD3E /* ContentView.swift */,
				D692CF6E26B1EAF20034FD3E /* Assets.xcassets */,
				D692CF7026B1EAF20034FD3E /* Preview Content */,
				D6E912E626B348EE00312A96 /* LaunchViewController.swift */,
				D6E912EA26B3495000312A96 /* LaunchScreen.storyboard */,
				D692CF7326B1EAF20034FD3E /* Info.plist */,
			);
			path = "Yoga Timer";
			sourceTree = "<group>";
		};
		D692CF7026B1EAF20034FD3E /* Preview Content */ = {
			isa = PBXGroup;
			children = (
				D692CF7126B1EAF20034FD3E /* Preview Assets.xcassets */,
			);
			path = "Preview Content";
			sourceTree = "<group>";
		};
		D692CF7A26B1EB040034FD3E /* Model */ = {
			isa = PBXGroup;
			children = (
				D692CF8026B1EB6E0034FD3E /* Quote.swift */,
				D6E912D726B2A6DB00312A96 /* NetWorkingManager.swift */,
				D6E912F326B737F500312A96 /* Asana.swift */,
			);
			path = Model;
			sourceTree = "<group>";
		};
		D692CF7B26B1EB0D0034FD3E /* View */ = {
			isa = PBXGroup;
			children = (
				D692CF7C26B1EB350034FD3E /* TimerView.swift */,
				D692CF8626B200710034FD3E /* Questions.swift */,
				D6E912F026B456C900312A96 /* AsanasCollectionView.swift */,
				D6E912F626B73D6600312A96 /* AsanaRow.swift */,
				D6E912F926B7BF5800312A96 /* AsanaInfoView.swift */,
				D6E912FD26B94C0900312A96 /* SlideViewWithAddedAsanas.swift */,
			);
			path = View;
			sourceTree = "<group>";
		};
		D6E912EE26B34A2900312A96 /* Additional Files */ = {
			isa = PBXGroup;
			children = (
				D6E912D426B2A4F000312A96 /* gong.mp3 */,
				D6E912E326B3488300312A96 /* lotus.png */,
			);
			path = "Additional Files";
			sourceTree = "<group>";
		};
/* End PBXGroup section */

/* Begin PBXNativeTarget section */
		D692CF6626B1EAF00034FD3E /* Yoga Timer */ = {
			isa = PBXNativeTarget;
			buildConfigurationList = D692CF7626B1EAF20034FD3E /* Build configuration list for PBXNativeTarget "Yoga Timer" */;
			buildPhases = (
				D692CF6326B1EAF00034FD3E /* Sources */,
				D692CF6426B1EAF00034FD3E /* Frameworks */,
				D692CF6526B1EAF00034FD3E /* Resources */,
			);
			buildRules = (
			);
			dependencies = (
			);
			name = "Yoga Timer";
			productName = "Yoga Timer";
			productReference = D692CF6726B1EAF00034FD3E /* Yoga Timer.app */;
			productType = "com.apple.product-type.application";
		};
/* End PBXNativeTarget section */

/* Begin PBXProject section */
		D692CF5F26B1EAEF0034FD3E /* Project object */ = {
			isa = PBXProject;
			attributes = {
				LastSwiftUpdateCheck = 1240;
				LastUpgradeCheck = 1240;
				TargetAttributes = {
					D692CF6626B1EAF00034FD3E = {
						CreatedOnToolsVersion = 12.4;
					};
				};
			};
			buildConfigurationList = D692CF6226B1EAEF0034FD3E /* Build configuration list for PBXProject "Yoga Timer" */;
			compatibilityVersion = "Xcode 9.3";
			developmentRegion = en;
			hasScannedForEncodings = 0;
			knownRegions = (
				en,
				Base,
			);
			mainGroup = D692CF5E26B1EAEF0034FD3E;
			productRefGroup = D692CF6826B1EAF00034FD3E /* Products */;
			projectDirPath = "";
			projectRoot = "";
			targets = (
				D692CF6626B1EAF00034FD3E /* Yoga Timer */,
			);
		};
/* End PBXProject section */

/* Begin PBXResourcesBuildPhase section */
		D692CF6526B1EAF00034FD3E /* Resources */ = {
			isa = PBXResourcesBuildPhase;
			buildActionMask = 2147483647;
			files = (
				D692CF7226B1EAF20034FD3E /* Preview Assets.xcassets in Resources */,
				D6E912E426B3488300312A96 /* lotus.png in Resources */,
				D692CF6F26B1EAF20034FD3E /* Assets.xcassets in Resources */,
				D6E912EB26B3495000312A96 /* LaunchScreen.storyboard in Resources */,
				D6E912D526B2A4F000312A96 /* gong.mp3 in Resources */,
			);
			runOnlyForDeploymentPostprocessing = 0;
		};
/* End PBXResourcesBuildPhase section */

/* Begin PBXSourcesBuildPhase section */
		D692CF6326B1EAF00034FD3E /* Sources */ = {
			isa = PBXSourcesBuildPhase;
			buildActionMask = 2147483647;
			files = (
				D692CF7D26B1EB350034FD3E /* TimerView.swift in Sources */,
				D6E912D826B2A6DB00312A96 /* NetWorkingManager.swift in Sources */,
				D692CF6D26B1EAF00034FD3E /* ContentView.swift in Sources */,
				D6E912F126B456C900312A96 /* AsanasCollectionView.swift in Sources */,
				D692CF6B26B1EAF00034FD3E /* Yoga_TimerApp.swift in Sources */,
				D692CF8726B200710034FD3E /* Questions.swift in Sources */,
				D6E912F426B737F600312A96 /* Asana.swift in Sources */,
				D6E912FA26B7BF5800312A96 /* AsanaInfoView.swift in Sources */,
				D6E912F726B73D6600312A96 /* AsanaRow.swift in Sources */,
				D692CF8126B1EB6E0034FD3E /* Quote.swift in Sources */,
				D6E912FE26B94C0A00312A96 /* SlideViewWithAddedAsanas.swift in Sources */,
				D6E912E726B348EE00312A96 /* LaunchViewController.swift in Sources */,
			);
			runOnlyForDeploymentPostprocessing = 0;
		};
/* End PBXSourcesBuildPhase section */

/* Begin XCBuildConfiguration section */
		D692CF7426B1EAF20034FD3E /* Debug */ = {
			isa = XCBuildConfiguration;
			buildSettings = {
				ALWAYS_SEARCH_USER_PATHS = NO;
				CLANG_ANALYZER_NONNULL = YES;
				CLANG_ANALYZER_NUMBER_OBJECT_CONVERSION = YES_AGGRESSIVE;
				CLANG_CXX_LANGUAGE_STANDARD = "gnu++14";
				CLANG_CXX_LIBRARY = "libc++";
				CLANG_ENABLE_MODULES = YES;
				CLANG_ENABLE_OBJC_ARC = YES;
				CLANG_ENABLE_OBJC_WEAK = YES;
				CLANG_WARN_BLOCK_CAPTURE_AUTORELEASING = YES;
				CLANG_WARN_BOOL_CONVERSION = YES;
				CLANG_WARN_COMMA = YES;
				CLANG_WARN_CONSTANT_CONVERSION = YES;
				CLANG_WARN_DEPRECATED_OBJC_IMPLEMENTATIONS = YES;
				CLANG_WARN_DIRECT_OBJC_ISA_USAGE = YES_ERROR;
				CLANG_WARN_DOCUMENTATION_COMMENTS = YES;
				CLANG_WARN_EMPTY_BODY = YES;
				CLANG_WARN_ENUM_CONVERSION = YES;
				CLANG_WARN_INFINITE_RECURSION = YES;
				CLANG_WARN_INT_CONVERSION = YES;
				CLANG_WARN_NON_LITERAL_NULL_CONVERSION = YES;
				CLANG_WARN_OBJC_IMPLICIT_RETAIN_SELF = YES;
				CLANG_WARN_OBJC_LITERAL_CONVERSION = YES;
				CLANG_WARN_OBJC_ROOT_CLASS = YES_ERROR;
				CLANG_WARN_QUOTED_INCLUDE_IN_FRAMEWORK_HEADER = YES;
				CLANG_WARN_RANGE_LOOP_ANALYSIS = YES;
				CLANG_WARN_STRICT_PROTOTYPES = YES;
				CLANG_WARN_SUSPICIOUS_MOVE = YES;
				CLANG_WARN_UNGUARDED_AVAILABILITY = YES_AGGRESSIVE;
				CLANG_WARN_UNREACHABLE_CODE = YES;
				CLANG_WARN__DUPLICATE_METHOD_MATCH = YES;
				COPY_PHASE_STRIP = NO;
				DEBUG_INFORMATION_FORMAT = dwarf;
				ENABLE_STRICT_OBJC_MSGSEND = YES;
				ENABLE_TESTABILITY = YES;
				GCC_C_LANGUAGE_STANDARD = gnu11;
				GCC_DYNAMIC_NO_PIC = NO;
				GCC_NO_COMMON_BLOCKS = YES;
				GCC_OPTIMIZATION_LEVEL = 0;
				GCC_PREPROCESSOR_DEFINITIONS = (
					"DEBUG=1",
					"$(inherited)",
				);
				GCC_WARN_64_TO_32_BIT_CONVERSION = YES;
				GCC_WARN_ABOUT_RETURN_TYPE = YES_ERROR;
				GCC_WARN_UNDECLARED_SELECTOR = YES;
				GCC_WARN_UNINITIALIZED_AUTOS = YES_AGGRESSIVE;
				GCC_WARN_UNUSED_FUNCTION = YES;
				GCC_WARN_UNUSED_VARIABLE = YES;
				IPHONEOS_DEPLOYMENT_TARGET = 14.4;
				MTL_ENABLE_DEBUG_INFO = INCLUDE_SOURCE;
				MTL_FAST_MATH = YES;
				ONLY_ACTIVE_ARCH = YES;
				SDKROOT = iphoneos;
				SWIFT_ACTIVE_COMPILATION_CONDITIONS = DEBUG;
				SWIFT_OPTIMIZATION_LEVEL = "-Onone";
			};
			name = Debug;
		};
		D692CF7526B1EAF20034FD3E /* Release */ = {
			isa = XCBuildConfiguration;
			buildSettings = {
				ALWAYS_SEARCH_USER_PATHS = NO;
				CLANG_ANALYZER_NONNULL = YES;
				CLANG_ANALYZER_NUMBER_OBJECT_CONVERSION = YES_AGGRESSIVE;
				CLANG_CXX_LANGUAGE_STANDARD = "gnu++14";
				CLANG_CXX_LIBRARY = "libc++";
				CLANG_ENABLE_MODULES = YES;
				CLANG_ENABLE_OBJC_ARC = YES;
				CLANG_ENABLE_OBJC_WEAK = YES;
				CLANG_WARN_BLOCK_CAPTURE_AUTORELEASING = YES;
				CLANG_WARN_BOOL_CONVERSION = YES;
				CLANG_WARN_COMMA = YES;
				CLANG_WARN_CONSTANT_CONVERSION = YES;
				CLANG_WARN_DEPRECATED_OBJC_IMPLEMENTATIONS = YES;
				CLANG_WARN_DIRECT_OBJC_ISA_USAGE = YES_ERROR;
				CLANG_WARN_DOCUMENTATION_COMMENTS = YES;
				CLANG_WARN_EMPTY_BODY = YES;
				CLANG_WARN_ENUM_CONVERSION = YES;
				CLANG_WARN_INFINITE_RECURSION = YES;
				CLANG_WARN_INT_CONVERSION = YES;
				CLANG_WARN_NON_LITERAL_NULL_CONVERSION = YES;
				CLANG_WARN_OBJC_IMPLICIT_RETAIN_SELF = YES;
				CLANG_WARN_OBJC_LITERAL_CONVERSION = YES;
				CLANG_WARN_OBJC_ROOT_CLASS = YES_ERROR;
				CLANG_WARN_QUOTED_INCLUDE_IN_FRAMEWORK_HEADER = YES;
				CLANG_WARN_RANGE_LOOP_ANALYSIS = YES;
				CLANG_WARN_STRICT_PROTOTYPES = YES;
				CLANG_WARN_SUSPICIOUS_MOVE = YES;
				CLANG_WARN_UNGUARDED_AVAILABILITY = YES_AGGRESSIVE;
				CLANG_WARN_UNREACHABLE_CODE = YES;
				CLANG_WARN__DUPLICATE_METHOD_MATCH = YES;
				COPY_PHASE_STRIP = NO;
				DEBUG_INFORMATION_FORMAT = "dwarf-with-dsym";
				ENABLE_NS_ASSERTIONS = NO;
				ENABLE_STRICT_OBJC_MSGSEND = YES;
				GCC_C_LANGUAGE_STANDARD = gnu11;
				GCC_NO_COMMON_BLOCKS = YES;
				GCC_WARN_64_TO_32_BIT_CONVERSION = YES;
				GCC_WARN_ABOUT_RETURN_TYPE = YES_ERROR;
				GCC_WARN_UNDECLARED_SELECTOR = YES;
				GCC_WARN_UNINITIALIZED_AUTOS = YES_AGGRESSIVE;
				GCC_WARN_UNUSED_FUNCTION = YES;
				GCC_WARN_UNUSED_VARIABLE = YES;
				IPHONEOS_DEPLOYMENT_TARGET = 14.4;
				MTL_ENABLE_DEBUG_INFO = NO;
				MTL_FAST_MATH = YES;
				SDKROOT = iphoneos;
				SWIFT_COMPILATION_MODE = wholemodule;
				SWIFT_OPTIMIZATION_LEVEL = "-O";
				VALIDATE_PRODUCT = YES;
			};
			name = Release;
		};
		D692CF7726B1EAF20034FD3E /* Debug */ = {
			isa = XCBuildConfiguration;
			buildSettings = {
				ASSETCATALOG_COMPILER_APPICON_NAME = AppIcon;
				ASSETCATALOG_COMPILER_GLOBAL_ACCENT_COLOR_NAME = AccentColor;
				CODE_SIGN_STYLE = Automatic;
				DEVELOPMENT_ASSET_PATHS = "\"Yoga Timer/Preview Content\"";
				DEVELOPMENT_TEAM = KS42T6DZF5;
				ENABLE_PREVIEWS = YES;
				INFOPLIST_FILE = "Yoga Timer/Info.plist";
				IPHONEOS_DEPLOYMENT_TARGET = 14.0;
				LD_RUNPATH_SEARCH_PATHS = (
					"$(inherited)",
					"@executable_path/Frameworks",
				);
				PRODUCT_BUNDLE_IDENTIFIER = "com.test.Yoga-Timer";
				PRODUCT_NAME = "$(TARGET_NAME)";
				SWIFT_VERSION = 5.0;
				TARGETED_DEVICE_FAMILY = "1,2";
			};
			name = Debug;
		};
		D692CF7826B1EAF20034FD3E /* Release */ = {
			isa = XCBuildConfiguration;
			buildSettings = {
				ASSETCATALOG_COMPILER_APPICON_NAME = AppIcon;
				ASSETCATALOG_COMPILER_GLOBAL_ACCENT_COLOR_NAME = AccentColor;
				CODE_SIGN_STYLE = Automatic;
				DEVELOPMENT_ASSET_PATHS = "\"Yoga Timer/Preview Content\"";
				DEVELOPMENT_TEAM = KS42T6DZF5;
				ENABLE_PREVIEWS = YES;
				INFOPLIST_FILE = "Yoga Timer/Info.plist";
				IPHONEOS_DEPLOYMENT_TARGET = 14.0;
				LD_RUNPATH_SEARCH_PATHS = (
					"$(inherited)",
					"@executable_path/Frameworks",
				);
				PRODUCT_BUNDLE_IDENTIFIER = "com.test.Yoga-Timer";
				PRODUCT_NAME = "$(TARGET_NAME)";
				SWIFT_VERSION = 5.0;
				TARGETED_DEVICE_FAMILY = "1,2";
			};
			name = Release;
		};
/* End XCBuildConfiguration section */

/* Begin XCConfigurationList section */
		D692CF6226B1EAEF0034FD3E /* Build configuration list for PBXProject "Yoga Timer" */ = {
			isa = XCConfigurationList;
			buildConfigurations = (
				D692CF7426B1EAF20034FD3E /* Debug */,
				D692CF7526B1EAF20034FD3E /* Release */,
			);
			defaultConfigurationIsVisible = 0;
			defaultConfigurationName = Release;
		};
		D692CF7626B1EAF20034FD3E /* Build configuration list for PBXNativeTarget "Yoga Timer" */ = {
			isa = XCConfigurationList;
			buildConfigurations = (
				D692CF7726B1EAF20034FD3E /* Debug */,
				D692CF7826B1EAF20034FD3E /* Release */,
			);
			defaultConfigurationIsVisible = 0;
			defaultConfigurationName = Release;
		};
/* End XCConfigurationList section */
	};
	rootObject = D692CF5F26B1EAEF0034FD3E /* Project object */;
}
